
Microsoft Visual Studio Solution File, Format Version 12.00
# Visual Studio Version 16
VisualStudioVersion = 16.0.32126.315
MinimumVisualStudioVersion = 10.0.40219.1
Project("{FAE04EC0-301F-11D3-BF4B-00C04F79EFBC}") = "Calculator_V1", "Calculator_V1\Calculator_V1.csproj", "{CA6B71AD-CD05-4F71-809F-E0EBA3579C2F}"
EndProject
Global
	GlobalSection(SolutionConfigurationPlatforms) = preSolution
		Debug|Any CPU = Debug|Any CPU
		Release|Any CPU = Release|Any CPU
	EndGlobalSection
	GlobalSection(ProjectConfigurationPlatforms) = postSolution
		{CA6B71AD-CD05-4F71-809F-E0EBA3579C2F}.Debug|Any CPU.ActiveCfg = Debug|Any CPU
		{CA6B71AD-CD05-4F71-809F-E0EBA3579C2F}.Debug|Any CPU.Build.0 = Debug|Any CPU
		{CA6B71AD-CD05-4F71-809F-E0EBA3579C2F}.Release|Any CPU.ActiveCfg = Release|Any CPU
		{CA6B71AD-CD05-4F71-809F-E0EBA3579C2F}.Release|Any CPU.Build.0 = Release|Any CPU
	EndGlobalSection
	GlobalSection(SolutionProperties) = preSolution
		HideSolutionNode = FALSE
	EndGlobalSection
	GlobalSection(ExtensibilityGlobals) = postSolution
		SolutionGuid = {EFEB9733-AFE2-47A8-BAE6-52B4DC75918C}
	EndGlobalSection
EndGlobal
